// !$*UTF8*$!
{
	archiveVersion = 1;
	classes = {
	};
	objectVersion = 56;
	objects = {

/* Begin PBXBuildFile section */
		79B977EA2B7FBBCD0033459F /* AppDelegate.swift in Sources */ = {isa = PBXBuildFile; fileRef = 79B977E92B7FBBCD0033459F /* AppDelegate.swift */; };
		79B977EC2B7FBBCD0033459F /* SceneDelegate.swift in Sources */ = {isa = PBXBuildFile; fileRef = 79B977EB2B7FBBCD0033459F /* SceneDelegate.swift */; };
		79B977EE2B7FBBCD0033459F /* ViewController.swift in Sources */ = {isa = PBXBuildFile; fileRef = 79B977ED2B7FBBCD0033459F /* ViewController.swift */; };
		79B977F32B7FBBCF0033459F /* Assets.xcassets in Resources */ = {isa = PBXBuildFile; fileRef = 79B977F22B7FBBCF0033459F /* Assets.xcassets */; };
		79B977F62B7FBBCF0033459F /* LaunchScreen.storyboard in Resources */ = {isa = PBXBuildFile; fileRef = 79B977F42B7FBBCF0033459F /* LaunchScreen.storyboard */; };
		79B977FE2B7FBDEF0033459F /* UIView + Extension.swift in Sources */ = {isa = PBXBuildFile; fileRef = 79B977FD2B7FBDEF0033459F /* UIView + Extension.swift */; };
		79B978142B8007F40033459F /* DetailsScreenPresenter.swift in Sources */ = {isa = PBXBuildFile; fileRef = 79B9780E2B8007F40033459F /* DetailsScreenPresenter.swift */; };
		79B978152B8007F40033459F /* DetailsScreenWorker.swift in Sources */ = {isa = PBXBuildFile; fileRef = 79B9780F2B8007F40033459F /* DetailsScreenWorker.swift */; };
		79B978162B8007F40033459F /* DetailsScreenRouter.swift in Sources */ = {isa = PBXBuildFile; fileRef = 79B978102B8007F40033459F /* DetailsScreenRouter.swift */; };
		79B978172B8007F40033459F /* DetailsScreenModels.swift in Sources */ = {isa = PBXBuildFile; fileRef = 79B978112B8007F40033459F /* DetailsScreenModels.swift */; };
		79B978182B8007F40033459F /* DetailsScreenViewController.swift in Sources */ = {isa = PBXBuildFile; fileRef = 79B978122B8007F40033459F /* DetailsScreenViewController.swift */; };
		79B978192B8007F40033459F /* DetailsScreenInteractor.swift in Sources */ = {isa = PBXBuildFile; fileRef = 79B978132B8007F40033459F /* DetailsScreenInteractor.swift */; };
		79B978202B8008570033459F /* MainScreenPresenter.swift in Sources */ = {isa = PBXBuildFile; fileRef = 79B9781A2B8008570033459F /* MainScreenPresenter.swift */; };
		79B978212B8008570033459F /* MainScreenWorker.swift in Sources */ = {isa = PBXBuildFile; fileRef = 79B9781B2B8008570033459F /* MainScreenWorker.swift */; };
		79B978222B8008570033459F /* MainScreenRouter.swift in Sources */ = {isa = PBXBuildFile; fileRef = 79B9781C2B8008570033459F /* MainScreenRouter.swift */; };
		79B978232B8008570033459F /* MainScreenModels.swift in Sources */ = {isa = PBXBuildFile; fileRef = 79B9781D2B8008570033459F /* MainScreenModels.swift */; };
		79B978242B8008570033459F /* MainScreenViewController.swift in Sources */ = {isa = PBXBuildFile; fileRef = 79B9781E2B8008570033459F /* MainScreenViewController.swift */; };
		79B978252B8008570033459F /* MainScreenInteractor.swift in Sources */ = {isa = PBXBuildFile; fileRef = 79B9781F2B8008570033459F /* MainScreenInteractor.swift */; };
		79B978292B8143EA0033459F /* API.swift in Sources */ = {isa = PBXBuildFile; fileRef = 79B978282B8143EA0033459F /* API.swift */; };
		79B9782B2B81464B0033459F /* Network.swift in Sources */ = {isa = PBXBuildFile; fileRef = 79B9782A2B81464B0033459F /* Network.swift */; };
		79B9782D2B8199020033459F /* MainScreenCell.swift in Sources */ = {isa = PBXBuildFile; fileRef = 79B9782C2B8199020033459F /* MainScreenCell.swift */; };
/* End PBXBuildFile section */

/* Begin PBXFileReference section */
		79B977E62B7FBBCD0033459F /* PokeApi Innowise.app */ = {isa = PBXFileReference; explicitFileType = wrapper.application; includeInIndex = 0; path = "PokeApi Innowise.app"; sourceTree = BUILT_PRODUCTS_DIR; };
		79B977E92B7FBBCD0033459F /* AppDelegate.swift */ = {isa = PBXFileReference; lastKnownFileType = sourcecode.swift; path = AppDelegate.swift; sourceTree = "<group>"; };
		79B977EB2B7FBBCD0033459F /* SceneDelegate.swift */ = {isa = PBXFileReference; lastKnownFileType = sourcecode.swift; path = SceneDelegate.swift; sourceTree = "<group>"; };
		79B977ED2B7FBBCD0033459F /* ViewController.swift */ = {isa = PBXFileReference; lastKnownFileType = sourcecode.swift; path = ViewController.swift; sourceTree = "<group>"; };
		79B977F22B7FBBCF0033459F /* Assets.xcassets */ = {isa = PBXFileReference; lastKnownFileType = folder.assetcatalog; path = Assets.xcassets; sourceTree = "<group>"; };
		79B977F52B7FBBCF0033459F /* Base */ = {isa = PBXFileReference; lastKnownFileType = file.storyboard; name = Base; path = Base.lproj/LaunchScreen.storyboard; sourceTree = "<group>"; };
		79B977F72B7FBBCF0033459F /* Info.plist */ = {isa = PBXFileReference; lastKnownFileType = text.plist.xml; path = Info.plist; sourceTree = "<group>"; };
		79B977FD2B7FBDEF0033459F /* UIView + Extension.swift */ = {isa = PBXFileReference; lastKnownFileType = sourcecode.swift; path = "UIView + Extension.swift"; sourceTree = "<group>"; };
		79B9780E2B8007F40033459F /* DetailsScreenPresenter.swift */ = {isa = PBXFileReference; lastKnownFileType = sourcecode.swift; path = DetailsScreenPresenter.swift; sourceTree = "<group>"; };
		79B9780F2B8007F40033459F /* DetailsScreenWorker.swift */ = {isa = PBXFileReference; lastKnownFileType = sourcecode.swift; path = DetailsScreenWorker.swift; sourceTree = "<group>"; };
		79B978102B8007F40033459F /* DetailsScreenRouter.swift */ = {isa = PBXFileReference; lastKnownFileType = sourcecode.swift; path = DetailsScreenRouter.swift; sourceTree = "<group>"; };
		79B978112B8007F40033459F /* DetailsScreenModels.swift */ = {isa = PBXFileReference; lastKnownFileType = sourcecode.swift; path = DetailsScreenModels.swift; sourceTree = "<group>"; };
		79B978122B8007F40033459F /* DetailsScreenViewController.swift */ = {isa = PBXFileReference; lastKnownFileType = sourcecode.swift; path = DetailsScreenViewController.swift; sourceTree = "<group>"; };
		79B978132B8007F40033459F /* DetailsScreenInteractor.swift */ = {isa = PBXFileReference; lastKnownFileType = sourcecode.swift; path = DetailsScreenInteractor.swift; sourceTree = "<group>"; };
		79B9781A2B8008570033459F /* MainScreenPresenter.swift */ = {isa = PBXFileReference; lastKnownFileType = sourcecode.swift; path = MainScreenPresenter.swift; sourceTree = "<group>"; };
		79B9781B2B8008570033459F /* MainScreenWorker.swift */ = {isa = PBXFileReference; lastKnownFileType = sourcecode.swift; path = MainScreenWorker.swift; sourceTree = "<group>"; };
		79B9781C2B8008570033459F /* MainScreenRouter.swift */ = {isa = PBXFileReference; lastKnownFileType = sourcecode.swift; path = MainScreenRouter.swift; sourceTree = "<group>"; };
		79B9781D2B8008570033459F /* MainScreenModels.swift */ = {isa = PBXFileReference; lastKnownFileType = sourcecode.swift; path = MainScreenModels.swift; sourceTree = "<group>"; };
		79B9781E2B8008570033459F /* MainScreenViewController.swift */ = {isa = PBXFileReference; lastKnownFileType = sourcecode.swift; path = MainScreenViewController.swift; sourceTree = "<group>"; };
		79B9781F2B8008570033459F /* MainScreenInteractor.swift */ = {isa = PBXFileReference; lastKnownFileType = sourcecode.swift; path = MainScreenInteractor.swift; sourceTree = "<group>"; };
		79B978282B8143EA0033459F /* API.swift */ = {isa = PBXFileReference; lastKnownFileType = sourcecode.swift; path = API.swift; sourceTree = "<group>"; };
		79B9782A2B81464B0033459F /* Network.swift */ = {isa = PBXFileReference; lastKnownFileType = sourcecode.swift; path = Network.swift; sourceTree = "<group>"; };
		79B9782C2B8199020033459F /* MainScreenCell.swift */ = {isa = PBXFileReference; lastKnownFileType = sourcecode.swift; path = MainScreenCell.swift; sourceTree = "<group>"; };
/* End PBXFileReference section */

/* Begin PBXFrameworksBuildPhase section */
		79B977E32B7FBBCD0033459F /* Frameworks */ = {
			isa = PBXFrameworksBuildPhase;
			buildActionMask = 2147483647;
			files = (
			);
			runOnlyForDeploymentPostprocessing = 0;
		};
/* End PBXFrameworksBuildPhase section */

/* Begin PBXGroup section */
		79B977DD2B7FBBCD0033459F = {
			isa = PBXGroup;
			children = (
				79B977E82B7FBBCD0033459F /* PokeApi Innowise */,
				79B977E72B7FBBCD0033459F /* Products */,
			);
			sourceTree = "<group>";
		};
		79B977E72B7FBBCD0033459F /* Products */ = {
			isa = PBXGroup;
			children = (
				79B977E62B7FBBCD0033459F /* PokeApi Innowise.app */,
			);
			name = Products;
			sourceTree = "<group>";
		};
		79B977E82B7FBBCD0033459F /* PokeApi Innowise */ = {
			isa = PBXGroup;
			children = (
				79B978262B80CC720033459F /* Application */,
				79B9780C2B8006F20033459F /* MainScreen */,
				79B9780D2B8007090033459F /* DetailScreen */,
				79B978272B8143CB0033459F /* Network */,
				79B977ED2B7FBBCD0033459F /* ViewController.swift */,
				79B977FF2B7FBDF30033459F /* Extentions */,
				79B977F22B7FBBCF0033459F /* Assets.xcassets */,
				79B977F42B7FBBCF0033459F /* LaunchScreen.storyboard */,
				79B977F72B7FBBCF0033459F /* Info.plist */,
			);
			path = "PokeApi Innowise";
			sourceTree = "<group>";
		};
		79B977FF2B7FBDF30033459F /* Extentions */ = {
			isa = PBXGroup;
			children = (
				79B977FD2B7FBDEF0033459F /* UIView + Extension.swift */,
			);
			path = Extentions;
			sourceTree = "<group>";
		};
		79B9780C2B8006F20033459F /* MainScreen */ = {
			isa = PBXGroup;
			children = (
				79B9781E2B8008570033459F /* MainScreenViewController.swift */,
				79B9781F2B8008570033459F /* MainScreenInteractor.swift */,
				79B9781A2B8008570033459F /* MainScreenPresenter.swift */,
				79B9781B2B8008570033459F /* MainScreenWorker.swift */,
				79B9781C2B8008570033459F /* MainScreenRouter.swift */,
				79B9781D2B8008570033459F /* MainScreenModels.swift */,
				79B9782C2B8199020033459F /* MainScreenCell.swift */,
			);
			path = MainScreen;
			sourceTree = "<group>";
		};
		79B9780D2B8007090033459F /* DetailScreen */ = {
			isa = PBXGroup;
			children = (
				79B978122B8007F40033459F /* DetailsScreenViewController.swift */,
				79B978132B8007F40033459F /* DetailsScreenInteractor.swift */,
				79B9780E2B8007F40033459F /* DetailsScreenPresenter.swift */,
				79B9780F2B8007F40033459F /* DetailsScreenWorker.swift */,
				79B978102B8007F40033459F /* DetailsScreenRouter.swift */,
				79B978112B8007F40033459F /* DetailsScreenModels.swift */,
			);
			path = DetailScreen;
			sourceTree = "<group>";
		};
		79B978262B80CC720033459F /* Application */ = {
			isa = PBXGroup;
			children = (
				79B977E92B7FBBCD0033459F /* AppDelegate.swift */,
				79B977EB2B7FBBCD0033459F /* SceneDelegate.swift */,
			);
			path = Application;
			sourceTree = "<group>";
		};
		79B978272B8143CB0033459F /* Network */ = {
			isa = PBXGroup;
			children = (
				79B978282B8143EA0033459F /* API.swift */,
				79B9782A2B81464B0033459F /* Network.swift */,
			);
			path = Network;
			sourceTree = "<group>";
		};
/* End PBXGroup section */

/* Begin PBXNativeTarget section */
		79B977E52B7FBBCD0033459F /* PokeApi Innowise */ = {
			isa = PBXNativeTarget;
			buildConfigurationList = 79B977FA2B7FBBCF0033459F /* Build configuration list for PBXNativeTarget "PokeApi Innowise" */;
			buildPhases = (
				79B977E22B7FBBCD0033459F /* Sources */,
				79B977E32B7FBBCD0033459F /* Frameworks */,
				79B977E42B7FBBCD0033459F /* Resources */,
			);
			buildRules = (
			);
			dependencies = (
			);
			name = "PokeApi Innowise";
			productName = "PokeApi Innowise";
			productReference = 79B977E62B7FBBCD0033459F /* PokeApi Innowise.app */;
			productType = "com.apple.product-type.application";
		};
/* End PBXNativeTarget section */

/* Begin PBXProject section */
		79B977DE2B7FBBCD0033459F /* Project object */ = {
			isa = PBXProject;
			attributes = {
				BuildIndependentTargetsInParallel = 1;
				LastSwiftUpdateCheck = 1430;
				LastUpgradeCheck = 1430;
				TargetAttributes = {
					79B977E52B7FBBCD0033459F = {
						CreatedOnToolsVersion = 14.3.1;
					};
				};
			};
			buildConfigurationList = 79B977E12B7FBBCD0033459F /* Build configuration list for PBXProject "PokeApi Innowise" */;
			compatibilityVersion = "Xcode 14.0";
			developmentRegion = en;
			hasScannedForEncodings = 0;
			knownRegions = (
				en,
				Base,
			);
			mainGroup = 79B977DD2B7FBBCD0033459F;
			productRefGroup = 79B977E72B7FBBCD0033459F /* Products */;
			projectDirPath = "";
			projectRoot = "";
			targets = (
				79B977E52B7FBBCD0033459F /* PokeApi Innowise */,
			);
		};
/* End PBXProject section */

/* Begin PBXResourcesBuildPhase section */
		79B977E42B7FBBCD0033459F /* Resources */ = {
			isa = PBXResourcesBuildPhase;
			buildActionMask = 2147483647;
			files = (
				79B977F62B7FBBCF0033459F /* LaunchScreen.storyboard in Resources */,
				79B977F32B7FBBCF0033459F /* Assets.xcassets in Resources */,
			);
			runOnlyForDeploymentPostprocessing = 0;
		};
/* End PBXResourcesBuildPhase section */

/* Begin PBXSourcesBuildPhase section */
		79B977E22B7FBBCD0033459F /* Sources */ = {
			isa = PBXSourcesBuildPhase;
			buildActionMask = 2147483647;
			files = (
				79B9782D2B8199020033459F /* MainScreenCell.swift in Sources */,
				79B978212B8008570033459F /* MainScreenWorker.swift in Sources */,
				79B978162B8007F40033459F /* DetailsScreenRouter.swift in Sources */,
				79B978232B8008570033459F /* MainScreenModels.swift in Sources */,
				79B978152B8007F40033459F /* DetailsScreenWorker.swift in Sources */,
				79B978202B8008570033459F /* MainScreenPresenter.swift in Sources */,
				79B978252B8008570033459F /* MainScreenInteractor.swift in Sources */,
				79B978242B8008570033459F /* MainScreenViewController.swift in Sources */,
				79B977FE2B7FBDEF0033459F /* UIView + Extension.swift in Sources */,
				79B977EE2B7FBBCD0033459F /* ViewController.swift in Sources */,
				79B978142B8007F40033459F /* DetailsScreenPresenter.swift in Sources */,
				79B978192B8007F40033459F /* DetailsScreenInteractor.swift in Sources */,
				79B978172B8007F40033459F /* DetailsScreenModels.swift in Sources */,
				79B977EA2B7FBBCD0033459F /* AppDelegate.swift in Sources */,
				79B978182B8007F40033459F /* DetailsScreenViewController.swift in Sources */,
				79B9782B2B81464B0033459F /* Network.swift in Sources */,
				79B977EC2B7FBBCD0033459F /* SceneDelegate.swift in Sources */,
				79B978292B8143EA0033459F /* API.swift in Sources */,
				79B978222B8008570033459F /* MainScreenRouter.swift in Sources */,
			);
			runOnlyForDeploymentPostprocessing = 0;
		};
/* End PBXSourcesBuildPhase section */

/* Begin PBXVariantGroup section */
		79B977F42B7FBBCF0033459F /* LaunchScreen.storyboard */ = {
			isa = PBXVariantGroup;
			children = (
				79B977F52B7FBBCF0033459F /* Base */,
			);
			name = LaunchScreen.storyboard;
			sourceTree = "<group>";
		};
/* End PBXVariantGroup section */

/* Begin XCBuildConfiguration section */
		79B977F82B7FBBCF0033459F /* Debug */ = {
			isa = XCBuildConfiguration;
			buildSettings = {
				ALWAYS_SEARCH_USER_PATHS = NO;
				CLANG_ANALYZER_NONNULL = YES;
				CLANG_ANALYZER_NUMBER_OBJECT_CONVERSION = YES_AGGRESSIVE;
				CLANG_CXX_LANGUAGE_STANDARD = "gnu++20";
				CLANG_ENABLE_MODULES = YES;
				CLANG_ENABLE_OBJC_ARC = YES;
				CLANG_ENABLE_OBJC_WEAK = YES;
				CLANG_WARN_BLOCK_CAPTURE_AUTORELEASING = YES;
				CLANG_WARN_BOOL_CONVERSION = YES;
				CLANG_WARN_COMMA = YES;
				CLANG_WARN_CONSTANT_CONVERSION = YES;
				CLANG_WARN_DEPRECATED_OBJC_IMPLEMENTATIONS = YES;
				CLANG_WARN_DIRECT_OBJC_ISA_USAGE = YES_ERROR;
				CLANG_WARN_DOCUMENTATION_COMMENTS = YES;
				CLANG_WARN_EMPTY_BODY = YES;
				CLANG_WARN_ENUM_CONVERSION = YES;
				CLANG_WARN_INFINITE_RECURSION = YES;
				CLANG_WARN_INT_CONVERSION = YES;
				CLANG_WARN_NON_LITERAL_NULL_CONVERSION = YES;
				CLANG_WARN_OBJC_IMPLICIT_RETAIN_SELF = YES;
				CLANG_WARN_OBJC_LITERAL_CONVERSION = YES;
				CLANG_WARN_OBJC_ROOT_CLASS = YES_ERROR;
				CLANG_WARN_QUOTED_INCLUDE_IN_FRAMEWORK_HEADER = YES;
				CLANG_WARN_RANGE_LOOP_ANALYSIS = YES;
				CLANG_WARN_STRICT_PROTOTYPES = YES;
				CLANG_WARN_SUSPICIOUS_MOVE = YES;
				CLANG_WARN_UNGUARDED_AVAILABILITY = YES_AGGRESSIVE;
				CLANG_WARN_UNREACHABLE_CODE = YES;
				CLANG_WARN__DUPLICATE_METHOD_MATCH = YES;
				COPY_PHASE_STRIP = NO;
				DEBUG_INFORMATION_FORMAT = dwarf;
				ENABLE_STRICT_OBJC_MSGSEND = YES;
				ENABLE_TESTABILITY = YES;
				GCC_C_LANGUAGE_STANDARD = gnu11;
				GCC_DYNAMIC_NO_PIC = NO;
				GCC_NO_COMMON_BLOCKS = YES;
				GCC_OPTIMIZATION_LEVEL = 0;
				GCC_PREPROCESSOR_DEFINITIONS = (
					"DEBUG=1",
					"$(inherited)",
				);
				GCC_WARN_64_TO_32_BIT_CONVERSION = YES;
				GCC_WARN_ABOUT_RETURN_TYPE = YES_ERROR;
				GCC_WARN_UNDECLARED_SELECTOR = YES;
				GCC_WARN_UNINITIALIZED_AUTOS = YES_AGGRESSIVE;
				GCC_WARN_UNUSED_FUNCTION = YES;
				GCC_WARN_UNUSED_VARIABLE = YES;
				IPHONEOS_DEPLOYMENT_TARGET = 16.4;
				MTL_ENABLE_DEBUG_INFO = INCLUDE_SOURCE;
				MTL_FAST_MATH = YES;
				ONLY_ACTIVE_ARCH = YES;
				SDKROOT = iphoneos;
				SWIFT_ACTIVE_COMPILATION_CONDITIONS = DEBUG;
				SWIFT_OPTIMIZATION_LEVEL = "-Onone";
			};
			name = Debug;
		};
		79B977F92B7FBBCF0033459F /* Release */ = {
			isa = XCBuildConfiguration;
			buildSettings = {
				ALWAYS_SEARCH_USER_PATHS = NO;
				CLANG_ANALYZER_NONNULL = YES;
				CLANG_ANALYZER_NUMBER_OBJECT_CONVERSION = YES_AGGRESSIVE;
				CLANG_CXX_LANGUAGE_STANDARD = "gnu++20";
				CLANG_ENABLE_MODULES = YES;
				CLANG_ENABLE_OBJC_ARC = YES;
				CLANG_ENABLE_OBJC_WEAK = YES;
				CLANG_WARN_BLOCK_CAPTURE_AUTORELEASING = YES;
				CLANG_WARN_BOOL_CONVERSION = YES;
				CLANG_WARN_COMMA = YES;
				CLANG_WARN_CONSTANT_CONVERSION = YES;
				CLANG_WARN_DEPRECATED_OBJC_IMPLEMENTATIONS = YES;
				CLANG_WARN_DIRECT_OBJC_ISA_USAGE = YES_ERROR;
				CLANG_WARN_DOCUMENTATION_COMMENTS = YES;
				CLANG_WARN_EMPTY_BODY = YES;
				CLANG_WARN_ENUM_CONVERSION = YES;
				CLANG_WARN_INFINITE_RECURSION = YES;
				CLANG_WARN_INT_CONVERSION = YES;
				CLANG_WARN_NON_LITERAL_NULL_CONVERSION = YES;
				CLANG_WARN_OBJC_IMPLICIT_RETAIN_SELF = YES;
				CLANG_WARN_OBJC_LITERAL_CONVERSION = YES;
				CLANG_WARN_OBJC_ROOT_CLASS = YES_ERROR;
				CLANG_WARN_QUOTED_INCLUDE_IN_FRAMEWORK_HEADER = YES;
				CLANG_WARN_RANGE_LOOP_ANALYSIS = YES;
				CLANG_WARN_STRICT_PROTOTYPES = YES;
				CLANG_WARN_SUSPICIOUS_MOVE = YES;
				CLANG_WARN_UNGUARDED_AVAILABILITY = YES_AGGRESSIVE;
				CLANG_WARN_UNREACHABLE_CODE = YES;
				CLANG_WARN__DUPLICATE_METHOD_MATCH = YES;
				COPY_PHASE_STRIP = NO;
				DEBUG_INFORMATION_FORMAT = "dwarf-with-dsym";
				ENABLE_NS_ASSERTIONS = NO;
				ENABLE_STRICT_OBJC_MSGSEND = YES;
				GCC_C_LANGUAGE_STANDARD = gnu11;
				GCC_NO_COMMON_BLOCKS = YES;
				GCC_WARN_64_TO_32_BIT_CONVERSION = YES;
				GCC_WARN_ABOUT_RETURN_TYPE = YES_ERROR;
				GCC_WARN_UNDECLARED_SELECTOR = YES;
				GCC_WARN_UNINITIALIZED_AUTOS = YES_AGGRESSIVE;
				GCC_WARN_UNUSED_FUNCTION = YES;
				GCC_WARN_UNUSED_VARIABLE = YES;
				IPHONEOS_DEPLOYMENT_TARGET = 16.4;
				MTL_ENABLE_DEBUG_INFO = NO;
				MTL_FAST_MATH = YES;
				SDKROOT = iphoneos;
				SWIFT_COMPILATION_MODE = wholemodule;
				SWIFT_OPTIMIZATION_LEVEL = "-O";
				VALIDATE_PRODUCT = YES;
			};
			name = Release;
		};
		79B977FB2B7FBBCF0033459F /* Debug */ = {
			isa = XCBuildConfiguration;
			buildSettings = {
				ASSETCATALOG_COMPILER_APPICON_NAME = AppIcon;
				ASSETCATALOG_COMPILER_GLOBAL_ACCENT_COLOR_NAME = AccentColor;
				CODE_SIGN_STYLE = Automatic;
				CURRENT_PROJECT_VERSION = 1;
				DEVELOPMENT_TEAM = 7G57MQDTNS;
				GENERATE_INFOPLIST_FILE = YES;
				INFOPLIST_FILE = "PokeApi Innowise/Info.plist";
				INFOPLIST_KEY_UIApplicationSupportsIndirectInputEvents = YES;
				INFOPLIST_KEY_UILaunchStoryboardName = LaunchScreen;
				INFOPLIST_KEY_UISupportedInterfaceOrientations_iPad = "UIInterfaceOrientationPortrait UIInterfaceOrientationPortraitUpsideDown UIInterfaceOrientationLandscapeLeft UIInterfaceOrientationLandscapeRight";
				INFOPLIST_KEY_UISupportedInterfaceOrientations_iPhone = "UIInterfaceOrientationPortrait UIInterfaceOrientationLandscapeLeft UIInterfaceOrientationLandscapeRight";
				LD_RUNPATH_SEARCH_PATHS = (
					"$(inherited)",
					"@executable_path/Frameworks",
				);
				MARKETING_VERSION = 1.0;
				PRODUCT_BUNDLE_IDENTIFIER = "pokeapi.PokeApi-Innowise";
				PRODUCT_NAME = "$(TARGET_NAME)";
				SUPPORTED_PLATFORMS = "iphoneos iphonesimulator";
				SUPPORTS_MACCATALYST = NO;
				SUPPORTS_MAC_DESIGNED_FOR_IPHONE_IPAD = NO;
				SWIFT_EMIT_LOC_STRINGS = YES;
				SWIFT_VERSION = 5.0;
				TARGETED_DEVICE_FAMILY = 1;
			};
			name = Debug;
		};
		79B977FC2B7FBBCF0033459F /* Release */ = {
			isa = XCBuildConfiguration;
			buildSettings = {
				ASSETCATALOG_COMPILER_APPICON_NAME = AppIcon;
				ASSETCATALOG_COMPILER_GLOBAL_ACCENT_COLOR_NAME = AccentColor;
				CODE_SIGN_STYLE = Automatic;
				CURRENT_PROJECT_VERSION = 1;
				DEVELOPMENT_TEAM = 7G57MQDTNS;
				GENERATE_INFOPLIST_FILE = YES;
				INFOPLIST_FILE = "PokeApi Innowise/Info.plist";
				INFOPLIST_KEY_UIApplicationSupportsIndirectInputEvents = YES;
				INFOPLIST_KEY_UILaunchStoryboardName = LaunchScreen;
				INFOPLIST_KEY_UISupportedInterfaceOrientations_iPad = "UIInterfaceOrientationPortrait UIInterfaceOrientationPortraitUpsideDown UIInterfaceOrientationLandscapeLeft UIInterfaceOrientationLandscapeRight";
				INFOPLIST_KEY_UISupportedInterfaceOrientations_iPhone = "UIInterfaceOrientationPortrait UIInterfaceOrientationLandscapeLeft UIInterfaceOrientationLandscapeRight";
				LD_RUNPATH_SEARCH_PATHS = (
					"$(inherited)",
					"@executable_path/Frameworks",
				);
				MARKETING_VERSION = 1.0;
				PRODUCT_BUNDLE_IDENTIFIER = "pokeapi.PokeApi-Innowise";
				PRODUCT_NAME = "$(TARGET_NAME)";
				SUPPORTED_PLATFORMS = "iphoneos iphonesimulator";
				SUPPORTS_MACCATALYST = NO;
				SUPPORTS_MAC_DESIGNED_FOR_IPHONE_IPAD = NO;
				SWIFT_EMIT_LOC_STRINGS = YES;
				SWIFT_VERSION = 5.0;
				TARGETED_DEVICE_FAMILY = 1;
			};
			name = Release;
		};
/* End XCBuildConfiguration section */

/* Begin XCConfigurationList section */
		79B977E12B7FBBCD0033459F /* Build configuration list for PBXProject "PokeApi Innowise" */ = {
			isa = XCConfigurationList;
			buildConfigurations = (
				79B977F82B7FBBCF0033459F /* Debug */,
				79B977F92B7FBBCF0033459F /* Release */,
			);
			defaultConfigurationIsVisible = 0;
			defaultConfigurationName = Release;
		};
		79B977FA2B7FBBCF0033459F /* Build configuration list for PBXNativeTarget "PokeApi Innowise" */ = {
			isa = XCConfigurationList;
			buildConfigurations = (
				79B977FB2B7FBBCF0033459F /* Debug */,
				79B977FC2B7FBBCF0033459F /* Release */,
			);
			defaultConfigurationIsVisible = 0;
			defaultConfigurationName = Release;
		};
/* End XCConfigurationList section */
	};
	rootObject = 79B977DE2B7FBBCD0033459F /* Project object */;
}
